
Microsoft Visual Studio Solution File, Format Version 12.00
# Visual Studio 15
VisualStudioVersion = 15.0.28307.271
MinimumVisualStudioVersion = 10.0.40219.1
Project("{FAE04EC0-301F-11D3-BF4B-00C04F79EFBC}") = "WeatherDashboard", "WeatherDashboard\WeatherDashboard.csproj", "{8F21DBFE-8270-4D8D-9CA2-7CBC4E9EE756}"
EndProject
Global
	GlobalSection(SolutionConfigurationPlatforms) = preSolution
		Debug|Any CPU = Debug|Any CPU
		Release|Any CPU = Release|Any CPU
	EndGlobalSection
	GlobalSection(ProjectConfigurationPlatforms) = postSolution
		{8F21DBFE-8270-4D8D-9CA2-7CBC4E9EE756}.Debug|Any CPU.ActiveCfg = Debug|Any CPU
		{8F21DBFE-8270-4D8D-9CA2-7CBC4E9EE756}.Debug|Any CPU.Build.0 = Debug|Any CPU
		{8F21DBFE-8270-4D8D-9CA2-7CBC4E9EE756}.Release|Any CPU.ActiveCfg = Release|Any CPU
		{8F21DBFE-8270-4D8D-9CA2-7CBC4E9EE756}.Release|Any CPU.Build.0 = Release|Any CPU
	EndGlobalSection
	GlobalSection(SolutionProperties) = preSolution
		HideSolutionNode = FALSE
	EndGlobalSection
	GlobalSection(ExtensibilityGlobals) = postSolution
		SolutionGuid = {2C538016-F94B-4489-A93A-EE441DE944D2}
	EndGlobalSection
EndGlobal
